lockfileVersion: 5.4

specifiers:
  wheatbytecode-asm: github:ostracod/wheatbytecode-asm#dev

dependencies:
  wheatbytecode-asm: github.com/ostracod/wheatbytecode-asm/06cfb3388ed8fb351eabf84024d4712b142b2ad8

packages:

  github.com/ostracod/wheatbytecode-asm/06cfb3388ed8fb351eabf84024d4712b142b2ad8:
    resolution: {tarball: https://codeload.github.com/ostracod/wheatbytecode-asm/tar.gz/06cfb3388ed8fb351eabf84024d4712b142b2ad8}
    name: wheatbytecode-asm
    version: 1.0.0
    requiresBuild: true
    dependencies:
      wheatsystem-spec: github.com/ostracod/wheatsystem-spec/d4e29b4a857e280b7a733a3fae0d2c83ec1bb3a8
    dev: false

  github.com/ostracod/wheatsystem-spec/d4e29b4a857e280b7a733a3fae0d2c83ec1bb3a8:
    resolution: {tarball: https://codeload.github.com/ostracod/wheatsystem-spec/tar.gz/d4e29b4a857e280b7a733a3fae0d2c83ec1bb3a8}
    name: wheatsystem-spec
    version: 1.0.0
    requiresBuild: true
    dev: false
