lockfileVersion: 5.4

specifiers:
  wheatbytecode-asm: github:ostracod/wheatbytecode-asm#dev

dependencies:
  wheatbytecode-asm: github.com/ostracod/wheatbytecode-asm/32eb486a1e37ddc1e03aa39e629d82edd065a3d4

packages:

  github.com/ostracod/wheatbytecode-asm/32eb486a1e37ddc1e03aa39e629d82edd065a3d4:
    resolution: {tarball: https://codeload.github.com/ostracod/wheatbytecode-asm/tar.gz/32eb486a1e37ddc1e03aa39e629d82edd065a3d4}
    name: wheatbytecode-asm
    version: 1.0.0
    requiresBuild: true
    dependencies:
      wheatsystem-spec: github.com/ostracod/wheatsystem-spec/4243028abb76129c9aa851340255873e81742ff8
    dev: false

  github.com/ostracod/wheatsystem-spec/4243028abb76129c9aa851340255873e81742ff8:
    resolution: {tarball: https://codeload.github.com/ostracod/wheatsystem-spec/tar.gz/4243028abb76129c9aa851340255873e81742ff8}
    name: wheatsystem-spec
    version: 1.0.0
    requiresBuild: true
    dev: false
