lockfileVersion: 5.4

specifiers:
  wheatbytecode-asm: github:ostracod/wheatbytecode-asm#master

dependencies:
  wheatbytecode-asm: github.com/ostracod/wheatbytecode-asm/148834e674b23d6aa7a45a0e566713dae3755d27

packages:

  github.com/ostracod/wheatbytecode-asm/148834e674b23d6aa7a45a0e566713dae3755d27:
    resolution: {tarball: https://codeload.github.com/ostracod/wheatbytecode-asm/tar.gz/148834e674b23d6aa7a45a0e566713dae3755d27}
    name: wheatbytecode-asm
    version: 1.0.0
    requiresBuild: true
    dependencies:
      wheatsystem-spec: github.com/ostracod/wheatsystem-spec/f99e78ff7ce3e6aa43e046eb5267c61bdb60dda4
    dev: false

  github.com/ostracod/wheatsystem-spec/f99e78ff7ce3e6aa43e046eb5267c61bdb60dda4:
    resolution: {tarball: https://codeload.github.com/ostracod/wheatsystem-spec/tar.gz/f99e78ff7ce3e6aa43e046eb5267c61bdb60dda4}
    name: wheatsystem-spec
    version: 1.0.0
    requiresBuild: true
    dev: false
